Microsoft Visual Studio Solution File, Format Version 12.00
# Visual Studio Version 16
VisualStudioVersion = 16.0.29806.167
MinimumVisualStudioVersion = 10.0.40219.1
Project("{9A19103F-16F7-4668-BE54-9A1E7A4F7556}") = "OrderManagement", "Homework6\OrderManagement.csproj", "{75AA9FDC-6EF6-4919-8FB9-81BEDC5D765B}"
EndProject
Project("{FAE04EC0-301F-11D3-BF4B-00C04F79EFBC}") = "OrderManagementTests", "OrderManagementTests\OrderManagementTests.csproj", "{70AF00F0-1962-4049-90E5-5A6EFDCD50A8}"
EndProject
Global
	GlobalSection(SolutionConfigurationPlatforms) = preSolution
		Debug|Any CPU = Debug|Any CPU
		Release|Any CPU = Release|Any CPU
	EndGlobalSection
	GlobalSection(ProjectConfigurationPlatforms) = postSolution
		{75AA9FDC-6EF6-4919-8FB9-81BEDC5D765B}.Debug|Any CPU.ActiveCfg = Debug|Any CPU
		{75AA9FDC-6EF6-4919-8FB9-81BEDC5D765B}.Debug|Any CPU.Build.0 = Debug|Any CPU
		{75AA9FDC-6EF6-4919-8FB9-81BEDC5D765B}.Release|Any CPU.ActiveCfg = Release|Any CPU
		{75AA9FDC-6EF6-4919-8FB9-81BEDC5D765B}.Release|Any CPU.Build.0 = Release|Any CPU
		{70AF00F0-1962-4049-90E5-5A6EFDCD50A8}.Debug|Any CPU.ActiveCfg = Debug|Any CPU
		{70AF00F0-1962-4049-90E5-5A6EFDCD50A8}.Debug|Any CPU.Build.0 = Debug|Any CPU
		{70AF00F0-1962-4049-90E5-5A6EFDCD50A8}.Release|Any CPU.ActiveCfg = Release|Any CPU
		{70AF00F0-1962-4049-90E5-5A6EFDCD50A8}.Release|Any CPU.Build.0 = Release|Any CPU
	EndGlobalSection
	GlobalSection(SolutionProperties) = preSolution
		HideSolutionNode = FALSE
	EndGlobalSection
	GlobalSection(ExtensibilityGlobals) = postSolution
		SolutionGuid = {6925368A-4C63-45D4-A810-FDDBC14F8EE6}
	EndGlobalSection
EndGlobal
